
Microsoft Visual Studio Solution File, Format Version 12.00
# Visual Studio Version 17
VisualStudioVersion = 17.11.35303.130
MinimumVisualStudioVersion = 10.0.40219.1
Project("{FAE04EC0-301F-11D3-BF4B-00C04F79EFBC}") = "HBYS Deskop APP", "HBYS Deskop APP\HBYS Deskop APP.csproj", "{D822144B-0659-4620-B3C2-E8ABE0DACC3D}"
EndProject
Global
	GlobalSection(SolutionConfigurationPlatforms) = preSolution
		Debug|Any CPU = Debug|Any CPU
		Release|Any CPU = Release|Any CPU
	EndGlobalSection
	GlobalSection(ProjectConfigurationPlatforms) = postSolution
		{D822144B-0659-4620-B3C2-E8ABE0DACC3D}.Debug|Any CPU.ActiveCfg = Debug|Any CPU
		{D822144B-0659-4620-B3C2-E8ABE0DACC3D}.Debug|Any CPU.Build.0 = Debug|Any CPU
		{D822144B-0659-4620-B3C2-E8ABE0DACC3D}.Release|Any CPU.ActiveCfg = Release|Any CPU
		{D822144B-0659-4620-B3C2-E8ABE0DACC3D}.Release|Any CPU.Build.0 = Release|Any CPU
	EndGlobalSection
	GlobalSection(SolutionProperties) = preSolution
		HideSolutionNode = FALSE
	EndGlobalSection
	GlobalSection(ExtensibilityGlobals) = postSolution
		SolutionGuid = {D9CABF5D-0767-453D-A01F-520FC23AFB4D}
	EndGlobalSection
EndGlobal
